
Microsoft Visual Studio Solution File, Format Version 12.00
# Visual Studio Version 17
VisualStudioVersion = 17.4.33213.308
MinimumVisualStudioVersion = 10.0.40219.1
Project("{9A19103F-16F7-4668-BE54-9A1E7A4F7556}") = "CPMS.Web", "CPMS.Web\CPMS.Web.csproj", "{413435F9-2452-4174-A97D-13F252561BFC}"
EndProject
Project("{9A19103F-16F7-4668-BE54-9A1E7A4F7556}") = "CPMS.API", "CPMS.API\CPMS.API.csproj", "{40C3EB67-E02F-423B-A679-EB4304240D87}"
EndProject
Project("{9A19103F-16F7-4668-BE54-9A1E7A4F7556}") = "CPMS.Contracts", "CPMS.Contracts\CPMS.Contracts.csproj", "{DA815CDF-E3F8-413D-BD09-99CE64345A81}"
EndProject
Project("{9A19103F-16F7-4668-BE54-9A1E7A4F7556}") = "CPMS.Service", "CPMS.Service\CPMS.Service.csproj", "{A85504C7-9174-4908-A1B5-DC49E2682080}"
EndProject
Project("{9A19103F-16F7-4668-BE54-9A1E7A4F7556}") = "CPMS.Data", "CPMS.Data\CPMS.Data.csproj", "{E23AFFE4-DAA9-4B63-91EF-7B0E38C3F1ED}"
EndProject
Global
	GlobalSection(SolutionConfigurationPlatforms) = preSolution
		Debug|Any CPU = Debug|Any CPU
		Release|Any CPU = Release|Any CPU
	EndGlobalSection
	GlobalSection(ProjectConfigurationPlatforms) = postSolution
		{413435F9-2452-4174-A97D-13F252561BFC}.Debug|Any CPU.ActiveCfg = Debug|Any CPU
		{413435F9-2452-4174-A97D-13F252561BFC}.Debug|Any CPU.Build.0 = Debug|Any CPU
		{413435F9-2452-4174-A97D-13F252561BFC}.Release|Any CPU.ActiveCfg = Release|Any CPU
		{413435F9-2452-4174-A97D-13F252561BFC}.Release|Any CPU.Build.0 = Release|Any CPU
		{40C3EB67-E02F-423B-A679-EB4304240D87}.Debug|Any CPU.ActiveCfg = Debug|Any CPU
		{40C3EB67-E02F-423B-A679-EB4304240D87}.Debug|Any CPU.Build.0 = Debug|Any CPU
		{40C3EB67-E02F-423B-A679-EB4304240D87}.Release|Any CPU.ActiveCfg = Release|Any CPU
		{40C3EB67-E02F-423B-A679-EB4304240D87}.Release|Any CPU.Build.0 = Release|Any CPU
		{DA815CDF-E3F8-413D-BD09-99CE64345A81}.Debug|Any CPU.ActiveCfg = Debug|Any CPU
		{DA815CDF-E3F8-413D-BD09-99CE64345A81}.Debug|Any CPU.Build.0 = Debug|Any CPU
		{DA815CDF-E3F8-413D-BD09-99CE64345A81}.Release|Any CPU.ActiveCfg = Release|Any CPU
		{DA815CDF-E3F8-413D-BD09-99CE64345A81}.Release|Any CPU.Build.0 = Release|Any CPU
		{A85504C7-9174-4908-A1B5-DC49E2682080}.Debug|Any CPU.ActiveCfg = Debug|Any CPU
		{A85504C7-9174-4908-A1B5-DC49E2682080}.Debug|Any CPU.Build.0 = Debug|Any CPU
		{A85504C7-9174-4908-A1B5-DC49E2682080}.Release|Any CPU.ActiveCfg = Release|Any CPU
		{A85504C7-9174-4908-A1B5-DC49E2682080}.Release|Any CPU.Build.0 = Release|Any CPU
		{E23AFFE4-DAA9-4B63-91EF-7B0E38C3F1ED}.Debug|Any CPU.ActiveCfg = Debug|Any CPU
		{E23AFFE4-DAA9-4B63-91EF-7B0E38C3F1ED}.Debug|Any CPU.Build.0 = Debug|Any CPU
		{E23AFFE4-DAA9-4B63-91EF-7B0E38C3F1ED}.Release|Any CPU.ActiveCfg = Release|Any CPU
		{E23AFFE4-DAA9-4B63-91EF-7B0E38C3F1ED}.Release|Any CPU.Build.0 = Release|Any CPU
	EndGlobalSection
	GlobalSection(SolutionProperties) = preSolution
		HideSolutionNode = FALSE
	EndGlobalSection
	GlobalSection(ExtensibilityGlobals) = postSolution
		SolutionGuid = {FDF5A734-54A0-41ED-9B7A-5E88506CC2A4}
	EndGlobalSection
EndGlobal
